// !$*UTF8*$!
{
	archiveVersion = 1;
	classes = {
	};
	objectVersion = 56;
	objects = {

/* Begin PBXBuildFile section */
		1C5488F529E0B031007CF3B9 /* AppDelegate.swift in Sources */ = {isa = PBXBuildFile; fileRef = 1C5488F429E0B031007CF3B9 /* AppDelegate.swift */; };
		1C5488F729E0B031007CF3B9 /* SceneDelegate.swift in Sources */ = {isa = PBXBuildFile; fileRef = 1C5488F629E0B031007CF3B9 /* SceneDelegate.swift */; };
		1C5488F929E0B031007CF3B9 /* MainTabBarViewController.swift in Sources */ = {isa = PBXBuildFile; fileRef = 1C5488F829E0B031007CF3B9 /* MainTabBarViewController.swift */; };
		1C5488FE29E0B032007CF3B9 /* Assets.xcassets in Resources */ = {isa = PBXBuildFile; fileRef = 1C5488FD29E0B032007CF3B9 /* Assets.xcassets */; };
		1C54890129E0B032007CF3B9 /* LaunchScreen.storyboard in Resources */ = {isa = PBXBuildFile; fileRef = 1C5488FF29E0B032007CF3B9 /* LaunchScreen.storyboard */; };
		1C54890A29E0B1D6007CF3B9 /* HomeViewController.swift in Sources */ = {isa = PBXBuildFile; fileRef = 1C54890929E0B1D6007CF3B9 /* HomeViewController.swift */; };
		1C54890C29E0B1F6007CF3B9 /* UpcomingViewController.swift in Sources */ = {isa = PBXBuildFile; fileRef = 1C54890B29E0B1F6007CF3B9 /* UpcomingViewController.swift */; };
		1C54890E29E0B20D007CF3B9 /* SearchViewController.swift in Sources */ = {isa = PBXBuildFile; fileRef = 1C54890D29E0B20D007CF3B9 /* SearchViewController.swift */; };
		1C54891029E0B227007CF3B9 /* DownloadsViewController.swift in Sources */ = {isa = PBXBuildFile; fileRef = 1C54890F29E0B227007CF3B9 /* DownloadsViewController.swift */; };
		1C54891729E0B9B1007CF3B9 /* CollectionViewTableViewCell.swift in Sources */ = {isa = PBXBuildFile; fileRef = 1C54891629E0B9B1007CF3B9 /* CollectionViewTableViewCell.swift */; };
		1C54891929E0C139007CF3B9 /* HeroHeaderUIView.swift in Sources */ = {isa = PBXBuildFile; fileRef = 1C54891829E0C139007CF3B9 /* HeroHeaderUIView.swift */; };
		1C54891D29E0D094007CF3B9 /* ApiCaller.swift in Sources */ = {isa = PBXBuildFile; fileRef = 1C54891C29E0D094007CF3B9 /* ApiCaller.swift */; };
		1C54891F29E0D4F9007CF3B9 /* Title.swift in Sources */ = {isa = PBXBuildFile; fileRef = 1C54891E29E0D4F9007CF3B9 /* Title.swift */; };
		1C54892129E0D786007CF3B9 /* Extension.swift in Sources */ = {isa = PBXBuildFile; fileRef = 1C54892029E0D786007CF3B9 /* Extension.swift */; };
		1C78AD2229E1B04700ACBF47 /* TitleTableViewCell.swift in Sources */ = {isa = PBXBuildFile; fileRef = 1C78AD2129E1B04700ACBF47 /* TitleTableViewCell.swift */; };
		1C78AD2629E1B2B600ACBF47 /* TitleViewModel.swift in Sources */ = {isa = PBXBuildFile; fileRef = 1C78AD2529E1B2B600ACBF47 /* TitleViewModel.swift */; };
		1CA8921229E20F700030B24D /* SearchResultsViewController.swift in Sources */ = {isa = PBXBuildFile; fileRef = 1CA8921129E20F700030B24D /* SearchResultsViewController.swift */; };
		1CA8921629E21CBE0030B24D /* YoutubeSearchResponse.swift in Sources */ = {isa = PBXBuildFile; fileRef = 1CA8921529E21CBE0030B24D /* YoutubeSearchResponse.swift */; };
		1CA8921829E223EF0030B24D /* TitlePreviewViewController.swift in Sources */ = {isa = PBXBuildFile; fileRef = 1CA8921729E223EF0030B24D /* TitlePreviewViewController.swift */; };
		1CA8921A29E226B60030B24D /* TitlePreviewViewModel.swift in Sources */ = {isa = PBXBuildFile; fileRef = 1CA8921929E226B60030B24D /* TitlePreviewViewModel.swift */; };
		1CAFA5ED29E247A600B1D804 /* DataPersistenceManager.swift in Sources */ = {isa = PBXBuildFile; fileRef = 1CAFA5EC29E247A600B1D804 /* DataPersistenceManager.swift */; };
		1CBFB8AE29E23DB90003B2B2 /* NetflixCloneModel.xcdatamodeld in Sources */ = {isa = PBXBuildFile; fileRef = 1CBFB8AC29E23DB90003B2B2 /* NetflixCloneModel.xcdatamodeld */; };
		1CC7091B29E0E0A700FCEDBD /* TitleCollectionViewCell.swift in Sources */ = {isa = PBXBuildFile; fileRef = 1CC7091A29E0E0A700FCEDBD /* TitleCollectionViewCell.swift */; };
		1CC7091E29E0E24C00FCEDBD /* SDWebImage in Frameworks */ = {isa = PBXBuildFile; productRef = 1CC7091D29E0E24C00FCEDBD /* SDWebImage */; };
		1CC7092029E0E24C00FCEDBD /* SDWebImageMapKit in Frameworks */ = {isa = PBXBuildFile; productRef = 1CC7091F29E0E24C00FCEDBD /* SDWebImageMapKit */; };
/* End PBXBuildFile section */

/* Begin PBXFileReference section */
		1C5488F129E0B031007CF3B9 /* NetflixClone.app */ = {isa = PBXFileReference; explicitFileType = wrapper.application; includeInIndex = 0; path = NetflixClone.app; sourceTree = BUILT_PRODUCTS_DIR; };
		1C5488F429E0B031007CF3B9 /* AppDelegate.swift */ = {isa = PBXFileReference; lastKnownFileType = sourcecode.swift; path = AppDelegate.swift; sourceTree = "<group>"; };
		1C5488F629E0B031007CF3B9 /* SceneDelegate.swift */ = {isa = PBXFileReference; lastKnownFileType = sourcecode.swift; path = SceneDelegate.swift; sourceTree = "<group>"; };
		1C5488F829E0B031007CF3B9 /* MainTabBarViewController.swift */ = {isa = PBXFileReference; lastKnownFileType = sourcecode.swift; path = MainTabBarViewController.swift; sourceTree = "<group>"; };
		1C5488FD29E0B032007CF3B9 /* Assets.xcassets */ = {isa = PBXFileReference; lastKnownFileType = folder.assetcatalog; path = Assets.xcassets; sourceTree = "<group>"; };
		1C54890029E0B032007CF3B9 /* Base */ = {isa = PBXFileReference; lastKnownFileType = file.storyboard; name = Base; path = Base.lproj/LaunchScreen.storyboard; sourceTree = "<group>"; };
		1C54890229E0B032007CF3B9 /* Info.plist */ = {isa = PBXFileReference; lastKnownFileType = text.plist.xml; path = Info.plist; sourceTree = "<group>"; };
		1C54890929E0B1D6007CF3B9 /* HomeViewController.swift */ = {isa = PBXFileReference; lastKnownFileType = sourcecode.swift; path = HomeViewController.swift; sourceTree = "<group>"; };
		1C54890B29E0B1F6007CF3B9 /* UpcomingViewController.swift */ = {isa = PBXFileReference; lastKnownFileType = sourcecode.swift; path = UpcomingViewController.swift; sourceTree = "<group>"; };
		1C54890D29E0B20D007CF3B9 /* SearchViewController.swift */ = {isa = PBXFileReference; lastKnownFileType = sourcecode.swift; path = SearchViewController.swift; sourceTree = "<group>"; };
		1C54890F29E0B227007CF3B9 /* DownloadsViewController.swift */ = {isa = PBXFileReference; lastKnownFileType = sourcecode.swift; path = DownloadsViewController.swift; sourceTree = "<group>"; };
		1C54891629E0B9B1007CF3B9 /* CollectionViewTableViewCell.swift */ = {isa = PBXFileReference; lastKnownFileType = sourcecode.swift; path = CollectionViewTableViewCell.swift; sourceTree = "<group>"; };
		1C54891829E0C139007CF3B9 /* HeroHeaderUIView.swift */ = {isa = PBXFileReference; lastKnownFileType = sourcecode.swift; path = HeroHeaderUIView.swift; sourceTree = "<group>"; };
		1C54891C29E0D094007CF3B9 /* ApiCaller.swift */ = {isa = PBXFileReference; lastKnownFileType = sourcecode.swift; path = ApiCaller.swift; sourceTree = "<group>"; };
		1C54891E29E0D4F9007CF3B9 /* Title.swift */ = {isa = PBXFileReference; lastKnownFileType = sourcecode.swift; path = Title.swift; sourceTree = "<group>"; };
		1C54892029E0D786007CF3B9 /* Extension.swift */ = {isa = PBXFileReference; lastKnownFileType = sourcecode.swift; path = Extension.swift; sourceTree = "<group>"; };
		1C78AD2129E1B04700ACBF47 /* TitleTableViewCell.swift */ = {isa = PBXFileReference; lastKnownFileType = sourcecode.swift; path = TitleTableViewCell.swift; sourceTree = "<group>"; };
		1C78AD2529E1B2B600ACBF47 /* TitleViewModel.swift */ = {isa = PBXFileReference; lastKnownFileType = sourcecode.swift; path = TitleViewModel.swift; sourceTree = "<group>"; };
		1CA8921129E20F700030B24D /* SearchResultsViewController.swift */ = {isa = PBXFileReference; lastKnownFileType = sourcecode.swift; path = SearchResultsViewController.swift; sourceTree = "<group>"; };
		1CA8921529E21CBE0030B24D /* YoutubeSearchResponse.swift */ = {isa = PBXFileReference; lastKnownFileType = sourcecode.swift; path = YoutubeSearchResponse.swift; sourceTree = "<group>"; };
		1CA8921729E223EF0030B24D /* TitlePreviewViewController.swift */ = {isa = PBXFileReference; lastKnownFileType = sourcecode.swift; name = TitlePreviewViewController.swift; path = NetflixClone/Controllers/General/TitlePreviewViewController.swift; sourceTree = SOURCE_ROOT; };
		1CA8921929E226B60030B24D /* TitlePreviewViewModel.swift */ = {isa = PBXFileReference; lastKnownFileType = sourcecode.swift; path = TitlePreviewViewModel.swift; sourceTree = "<group>"; };
		1CAFA5EC29E247A600B1D804 /* DataPersistenceManager.swift */ = {isa = PBXFileReference; lastKnownFileType = sourcecode.swift; path = DataPersistenceManager.swift; sourceTree = "<group>"; };
		1CBFB8AD29E23DB90003B2B2 /* NetflixCloneModel.xcdatamodel */ = {isa = PBXFileReference; lastKnownFileType = wrapper.xcdatamodel; path = NetflixCloneModel.xcdatamodel; sourceTree = "<group>"; };
		1CC7091A29E0E0A700FCEDBD /* TitleCollectionViewCell.swift */ = {isa = PBXFileReference; lastKnownFileType = sourcecode.swift; path = TitleCollectionViewCell.swift; sourceTree = "<group>"; };
/* End PBXFileReference section */

/* Begin PBXFrameworksBuildPhase section */
		1C5488EE29E0B031007CF3B9 /* Frameworks */ = {
			isa = PBXFrameworksBuildPhase;
			buildActionMask = 2147483647;
			files = (
				1CC7092029E0E24C00FCEDBD /* SDWebImageMapKit in Frameworks */,
				1CC7091E29E0E24C00FCEDBD /* SDWebImage in Frameworks */,
			);
			runOnlyForDeploymentPostprocessing = 0;
		};
/* End PBXFrameworksBuildPhase section */

/* Begin PBXGroup section */
		1C5488E829E0B031007CF3B9 = {
			isa = PBXGroup;
			children = (
				1C5488F329E0B031007CF3B9 /* NetflixClone */,
				1C5488F229E0B031007CF3B9 /* Products */,
			);
			sourceTree = "<group>";
		};
		1C5488F229E0B031007CF3B9 /* Products */ = {
			isa = PBXGroup;
			children = (
				1C5488F129E0B031007CF3B9 /* NetflixClone.app */,
			);
			name = Products;
			sourceTree = "<group>";
		};
		1C5488F329E0B031007CF3B9 /* NetflixClone */ = {
			isa = PBXGroup;
			children = (
				1C54891529E0B972007CF3B9 /* Services */,
				1C54891429E0B967007CF3B9 /* Extensions */,
				1C54891329E0B926007CF3B9 /* Models */,
				1C54891129E0B911007CF3B9 /* Views */,
				1C54891229E0B91C007CF3B9 /* ViewModels */,
				1C54890829E0B1B9007CF3B9 /* Controllers */,
				1C5488F429E0B031007CF3B9 /* AppDelegate.swift */,
				1C5488F629E0B031007CF3B9 /* SceneDelegate.swift */,
				1C5488FD29E0B032007CF3B9 /* Assets.xcassets */,
				1C5488FF29E0B032007CF3B9 /* LaunchScreen.storyboard */,
				1C54890229E0B032007CF3B9 /* Info.plist */,
				1CBFB8AC29E23DB90003B2B2 /* NetflixCloneModel.xcdatamodeld */,
			);
			path = NetflixClone;
			sourceTree = "<group>";
		};
		1C54890829E0B1B9007CF3B9 /* Controllers */ = {
			isa = PBXGroup;
			children = (
				1CA8921429E20FDB0030B24D /* General */,
				1CA8921329E20FAA0030B24D /* Core */,
			);
			path = Controllers;
			sourceTree = "<group>";
		};
		1C54891129E0B911007CF3B9 /* Views */ = {
			isa = PBXGroup;
			children = (
				1C54891629E0B9B1007CF3B9 /* CollectionViewTableViewCell.swift */,
				1C54891829E0C139007CF3B9 /* HeroHeaderUIView.swift */,
				1CC7091A29E0E0A700FCEDBD /* TitleCollectionViewCell.swift */,
				1C78AD2129E1B04700ACBF47 /* TitleTableViewCell.swift */,
			);
			path = Views;
			sourceTree = "<group>";
		};
		1C54891229E0B91C007CF3B9 /* ViewModels */ = {
			isa = PBXGroup;
			children = (
				1C78AD2529E1B2B600ACBF47 /* TitleViewModel.swift */,
				1CA8921929E226B60030B24D /* TitlePreviewViewModel.swift */,
			);
			path = ViewModels;
			sourceTree = "<group>";
		};
		1C54891329E0B926007CF3B9 /* Models */ = {
			isa = PBXGroup;
			children = (
				1C54891E29E0D4F9007CF3B9 /* Title.swift */,
				1CA8921529E21CBE0030B24D /* YoutubeSearchResponse.swift */,
			);
			path = Models;
			sourceTree = "<group>";
		};
		1C54891429E0B967007CF3B9 /* Extensions */ = {
			isa = PBXGroup;
			children = (
				1C54892029E0D786007CF3B9 /* Extension.swift */,
			);
			path = Extensions;
			sourceTree = "<group>";
		};
		1C54891529E0B972007CF3B9 /* Services */ = {
			isa = PBXGroup;
			children = (
				1C54891C29E0D094007CF3B9 /* ApiCaller.swift */,
				1CAFA5EC29E247A600B1D804 /* DataPersistenceManager.swift */,
			);
			path = Services;
			sourceTree = "<group>";
		};
		1CA8921329E20FAA0030B24D /* Core */ = {
			isa = PBXGroup;
			children = (
				1C5488F829E0B031007CF3B9 /* MainTabBarViewController.swift */,
				1C54890929E0B1D6007CF3B9 /* HomeViewController.swift */,
				1C54890B29E0B1F6007CF3B9 /* UpcomingViewController.swift */,
				1C54890D29E0B20D007CF3B9 /* SearchViewController.swift */,
				1C54890F29E0B227007CF3B9 /* DownloadsViewController.swift */,
			);
			path = Core;
			sourceTree = "<group>";
		};
		1CA8921429E20FDB0030B24D /* General */ = {
			isa = PBXGroup;
			children = (
				1CA8921729E223EF0030B24D /* TitlePreviewViewController.swift */,
				1CA8921129E20F700030B24D /* SearchResultsViewController.swift */,
			);
			path = General;
			sourceTree = "<group>";
		};
/* End PBXGroup section */

/* Begin PBXNativeTarget section */
		1C5488F029E0B031007CF3B9 /* NetflixClone */ = {
			isa = PBXNativeTarget;
			buildConfigurationList = 1C54890529E0B032007CF3B9 /* Build configuration list for PBXNativeTarget "NetflixClone" */;
			buildPhases = (
				1C5488ED29E0B031007CF3B9 /* Sources */,
				1C5488EE29E0B031007CF3B9 /* Frameworks */,
				1C5488EF29E0B031007CF3B9 /* Resources */,
			);
			buildRules = (
			);
			dependencies = (
			);
			name = NetflixClone;
			packageProductDependencies = (
				1CC7091D29E0E24C00FCEDBD /* SDWebImage */,
				1CC7091F29E0E24C00FCEDBD /* SDWebImageMapKit */,
			);
			productName = NetflixClone;
			productReference = 1C5488F129E0B031007CF3B9 /* NetflixClone.app */;
			productType = "com.apple.product-type.application";
		};
/* End PBXNativeTarget section */

/* Begin PBXProject section */
		1C5488E929E0B031007CF3B9 /* Project object */ = {
			isa = PBXProject;
			attributes = {
				BuildIndependentTargetsInParallel = 1;
				LastSwiftUpdateCheck = 1420;
				LastUpgradeCheck = 1420;
				TargetAttributes = {
					1C5488F029E0B031007CF3B9 = {
						CreatedOnToolsVersion = 14.2;
					};
				};
			};
			buildConfigurationList = 1C5488EC29E0B031007CF3B9 /* Build configuration list for PBXProject "NetflixClone" */;
			compatibilityVersion = "Xcode 14.0";
			developmentRegion = en;
			hasScannedForEncodings = 0;
			knownRegions = (
				en,
				Base,
			);
			mainGroup = 1C5488E829E0B031007CF3B9;
			packageReferences = (
				1CC7091C29E0E24C00FCEDBD /* XCRemoteSwiftPackageReference "SDWebImage" */,
			);
			productRefGroup = 1C5488F229E0B031007CF3B9 /* Products */;
			projectDirPath = "";
			projectRoot = "";
			targets = (
				1C5488F029E0B031007CF3B9 /* NetflixClone */,
			);
		};
/* End PBXProject section */

/* Begin PBXResourcesBuildPhase section */
		1C5488EF29E0B031007CF3B9 /* Resources */ = {
			isa = PBXResourcesBuildPhase;
			buildActionMask = 2147483647;
			files = (
				1C54890129E0B032007CF3B9 /* LaunchScreen.storyboard in Resources */,
				1C5488FE29E0B032007CF3B9 /* Assets.xcassets in Resources */,
			);
			runOnlyForDeploymentPostprocessing = 0;
		};
/* End PBXResourcesBuildPhase section */

/* Begin PBXSourcesBuildPhase section */
		1C5488ED29E0B031007CF3B9 /* Sources */ = {
			isa = PBXSourcesBuildPhase;
			buildActionMask = 2147483647;
			files = (
				1C78AD2229E1B04700ACBF47 /* TitleTableViewCell.swift in Sources */,
				1C54890E29E0B20D007CF3B9 /* SearchViewController.swift in Sources */,
				1CC7091B29E0E0A700FCEDBD /* TitleCollectionViewCell.swift in Sources */,
				1CAFA5ED29E247A600B1D804 /* DataPersistenceManager.swift in Sources */,
				1C5488F929E0B031007CF3B9 /* MainTabBarViewController.swift in Sources */,
				1C54891729E0B9B1007CF3B9 /* CollectionViewTableViewCell.swift in Sources */,
				1C54891929E0C139007CF3B9 /* HeroHeaderUIView.swift in Sources */,
				1CBFB8AE29E23DB90003B2B2 /* NetflixCloneModel.xcdatamodeld in Sources */,
				1C54891029E0B227007CF3B9 /* DownloadsViewController.swift in Sources */,
				1C5488F529E0B031007CF3B9 /* AppDelegate.swift in Sources */,
				1C5488F729E0B031007CF3B9 /* SceneDelegate.swift in Sources */,
				1CA8921229E20F700030B24D /* SearchResultsViewController.swift in Sources */,
				1C54892129E0D786007CF3B9 /* Extension.swift in Sources */,
				1CA8921629E21CBE0030B24D /* YoutubeSearchResponse.swift in Sources */,
				1C54890C29E0B1F6007CF3B9 /* UpcomingViewController.swift in Sources */,
				1CA8921A29E226B60030B24D /* TitlePreviewViewModel.swift in Sources */,
				1C54890A29E0B1D6007CF3B9 /* HomeViewController.swift in Sources */,
				1CA8921829E223EF0030B24D /* TitlePreviewViewController.swift in Sources */,
				1C54891D29E0D094007CF3B9 /* ApiCaller.swift in Sources */,
				1C54891F29E0D4F9007CF3B9 /* Title.swift in Sources */,
				1C78AD2629E1B2B600ACBF47 /* TitleViewModel.swift in Sources */,
			);
			runOnlyForDeploymentPostprocessing = 0;
		};
/* End PBXSourcesBuildPhase section */

/* Begin PBXVariantGroup section */
		1C5488FF29E0B032007CF3B9 /* LaunchScreen.storyboard */ = {
			isa = PBXVariantGroup;
			children = (
				1C54890029E0B032007CF3B9 /* Base */,
			);
			name = LaunchScreen.storyboard;
			sourceTree = "<group>";
		};
/* End PBXVariantGroup section */

/* Begin XCBuildConfiguration section */
		1C54890329E0B032007CF3B9 /* Debug */ = {
			isa = XCBuildConfiguration;
			buildSettings = {
				ALWAYS_SEARCH_USER_PATHS = NO;
				CLANG_ANALYZER_NONNULL = YES;
				CLANG_ANALYZER_NUMBER_OBJECT_CONVERSION = YES_AGGRESSIVE;
				CLANG_CXX_LANGUAGE_STANDARD = "gnu++20";
				CLANG_ENABLE_MODULES = YES;
				CLANG_ENABLE_OBJC_ARC = YES;
				CLANG_ENABLE_OBJC_WEAK = YES;
				CLANG_WARN_BLOCK_CAPTURE_AUTORELEASING = YES;
				CLANG_WARN_BOOL_CONVERSION = YES;
				CLANG_WARN_COMMA = YES;
				CLANG_WARN_CONSTANT_CONVERSION = YES;
				CLANG_WARN_DEPRECATED_OBJC_IMPLEMENTATIONS = YES;
				CLANG_WARN_DIRECT_OBJC_ISA_USAGE = YES_ERROR;
				CLANG_WARN_DOCUMENTATION_COMMENTS = YES;
				CLANG_WARN_EMPTY_BODY = YES;
				CLANG_WARN_ENUM_CONVERSION = YES;
				CLANG_WARN_INFINITE_RECURSION = YES;
				CLANG_WARN_INT_CONVERSION = YES;
				CLANG_WARN_NON_LITERAL_NULL_CONVERSION = YES;
				CLANG_WARN_OBJC_IMPLICIT_RETAIN_SELF = YES;
				CLANG_WARN_OBJC_LITERAL_CONVERSION = YES;
				CLANG_WARN_OBJC_ROOT_CLASS = YES_ERROR;
				CLANG_WARN_QUOTED_INCLUDE_IN_FRAMEWORK_HEADER = YES;
				CLANG_WARN_RANGE_LOOP_ANALYSIS = YES;
				CLANG_WARN_STRICT_PROTOTYPES = YES;
				CLANG_WARN_SUSPICIOUS_MOVE = YES;
				CLANG_WARN_UNGUARDED_AVAILABILITY = YES_AGGRESSIVE;
				CLANG_WARN_UNREACHABLE_CODE = YES;
				CLANG_WARN__DUPLICATE_METHOD_MATCH = YES;
				COPY_PHASE_STRIP = NO;
				DEBUG_INFORMATION_FORMAT = dwarf;
				ENABLE_STRICT_OBJC_MSGSEND = YES;
				ENABLE_TESTABILITY = YES;
				GCC_C_LANGUAGE_STANDARD = gnu11;
				GCC_DYNAMIC_NO_PIC = NO;
				GCC_NO_COMMON_BLOCKS = YES;
				GCC_OPTIMIZATION_LEVEL = 0;
				GCC_PREPROCESSOR_DEFINITIONS = (
					"DEBUG=1",
					"$(inherited)",
				);
				GCC_WARN_64_TO_32_BIT_CONVERSION = YES;
				GCC_WARN_ABOUT_RETURN_TYPE = YES_ERROR;
				GCC_WARN_UNDECLARED_SELECTOR = YES;
				GCC_WARN_UNINITIALIZED_AUTOS = YES_AGGRESSIVE;
				GCC_WARN_UNUSED_FUNCTION = YES;
				GCC_WARN_UNUSED_VARIABLE = YES;
				IPHONEOS_DEPLOYMENT_TARGET = 16.2;
				MTL_ENABLE_DEBUG_INFO = INCLUDE_SOURCE;
				MTL_FAST_MATH = YES;
				ONLY_ACTIVE_ARCH = YES;
				SDKROOT = iphoneos;
				SWIFT_ACTIVE_COMPILATION_CONDITIONS = DEBUG;
				SWIFT_OPTIMIZATION_LEVEL = "-Onone";
			};
			name = Debug;
		};
		1C54890429E0B032007CF3B9 /* Release */ = {
			isa = XCBuildConfiguration;
			buildSettings = {
				ALWAYS_SEARCH_USER_PATHS = NO;
				CLANG_ANALYZER_NONNULL = YES;
				CLANG_ANALYZER_NUMBER_OBJECT_CONVERSION = YES_AGGRESSIVE;
				CLANG_CXX_LANGUAGE_STANDARD = "gnu++20";
				CLANG_ENABLE_MODULES = YES;
				CLANG_ENABLE_OBJC_ARC = YES;
				CLANG_ENABLE_OBJC_WEAK = YES;
				CLANG_WARN_BLOCK_CAPTURE_AUTORELEASING = YES;
				CLANG_WARN_BOOL_CONVERSION = YES;
				CLANG_WARN_COMMA = YES;
				CLANG_WARN_CONSTANT_CONVERSION = YES;
				CLANG_WARN_DEPRECATED_OBJC_IMPLEMENTATIONS = YES;
				CLANG_WARN_DIRECT_OBJC_ISA_USAGE = YES_ERROR;
				CLANG_WARN_DOCUMENTATION_COMMENTS = YES;
				CLANG_WARN_EMPTY_BODY = YES;
				CLANG_WARN_ENUM_CONVERSION = YES;
				CLANG_WARN_INFINITE_RECURSION = YES;
				CLANG_WARN_INT_CONVERSION = YES;
				CLANG_WARN_NON_LITERAL_NULL_CONVERSION = YES;
				CLANG_WARN_OBJC_IMPLICIT_RETAIN_SELF = YES;
				CLANG_WARN_OBJC_LITERAL_CONVERSION = YES;
				CLANG_WARN_OBJC_ROOT_CLASS = YES_ERROR;
				CLANG_WARN_QUOTED_INCLUDE_IN_FRAMEWORK_HEADER = YES;
				CLANG_WARN_RANGE_LOOP_ANALYSIS = YES;
				CLANG_WARN_STRICT_PROTOTYPES = YES;
				CLANG_WARN_SUSPICIOUS_MOVE = YES;
				CLANG_WARN_UNGUARDED_AVAILABILITY = YES_AGGRESSIVE;
				CLANG_WARN_UNREACHABLE_CODE = YES;
				CLANG_WARN__DUPLICATE_METHOD_MATCH = YES;
				COPY_PHASE_STRIP = NO;
				DEBUG_INFORMATION_FORMAT = "dwarf-with-dsym";
				ENABLE_NS_ASSERTIONS = NO;
				ENABLE_STRICT_OBJC_MSGSEND = YES;
				GCC_C_LANGUAGE_STANDARD = gnu11;
				GCC_NO_COMMON_BLOCKS = YES;
				GCC_WARN_64_TO_32_BIT_CONVERSION = YES;
				GCC_WARN_ABOUT_RETURN_TYPE = YES_ERROR;
				GCC_WARN_UNDECLARED_SELECTOR = YES;
				GCC_WARN_UNINITIALIZED_AUTOS = YES_AGGRESSIVE;
				GCC_WARN_UNUSED_FUNCTION = YES;
				GCC_WARN_UNUSED_VARIABLE = YES;
				IPHONEOS_DEPLOYMENT_TARGET = 16.2;
				MTL_ENABLE_DEBUG_INFO = NO;
				MTL_FAST_MATH = YES;
				SDKROOT = iphoneos;
				SWIFT_COMPILATION_MODE = wholemodule;
				SWIFT_OPTIMIZATION_LEVEL = "-O";
				VALIDATE_PRODUCT = YES;
			};
			name = Release;
		};
		1C54890629E0B032007CF3B9 /* Debug */ = {
			isa = XCBuildConfiguration;
			buildSettings = {
				ASSETCATALOG_COMPILER_APPICON_NAME = AppIcon;
				ASSETCATALOG_COMPILER_GLOBAL_ACCENT_COLOR_NAME = AccentColor;
				CODE_SIGN_STYLE = Automatic;
				CURRENT_PROJECT_VERSION = 1;
				DEVELOPMENT_TEAM = 54M6VWH583;
				GENERATE_INFOPLIST_FILE = YES;
				INFOPLIST_FILE = NetflixClone/Info.plist;
				INFOPLIST_KEY_UIApplicationSupportsIndirectInputEvents = YES;
				INFOPLIST_KEY_UILaunchStoryboardName = LaunchScreen;
				INFOPLIST_KEY_UISupportedInterfaceOrientations_iPad = "UIInterfaceOrientationPortrait UIInterfaceOrientationPortraitUpsideDown UIInterfaceOrientationLandscapeLeft UIInterfaceOrientationLandscapeRight";
				INFOPLIST_KEY_UISupportedInterfaceOrientations_iPhone = "UIInterfaceOrientationPortrait UIInterfaceOrientationLandscapeLeft UIInterfaceOrientationLandscapeRight";
				LD_RUNPATH_SEARCH_PATHS = (
					"$(inherited)",
					"@executable_path/Frameworks",
				);
				MARKETING_VERSION = 1.0;
				PRODUCT_BUNDLE_IDENTIFIER = ahmethakan.NetflixClone;
				PRODUCT_NAME = "$(TARGET_NAME)";
				SWIFT_EMIT_LOC_STRINGS = YES;
				SWIFT_VERSION = 5.0;
				TARGETED_DEVICE_FAMILY = "1,2";
			};
			name = Debug;
		};
		1C54890729E0B032007CF3B9 /* Release */ = {
			isa = XCBuildConfiguration;
			buildSettings = {
				ASSETCATALOG_COMPILER_APPICON_NAME = AppIcon;
				ASSETCATALOG_COMPILER_GLOBAL_ACCENT_COLOR_NAME = AccentColor;
				CODE_SIGN_STYLE = Automatic;
				CURRENT_PROJECT_VERSION = 1;
				DEVELOPMENT_TEAM = 54M6VWH583;
				GENERATE_INFOPLIST_FILE = YES;
				INFOPLIST_FILE = NetflixClone/Info.plist;
				INFOPLIST_KEY_UIApplicationSupportsIndirectInputEvents = YES;
				INFOPLIST_KEY_UILaunchStoryboardName = LaunchScreen;
				INFOPLIST_KEY_UISupportedInterfaceOrientations_iPad = "UIInterfaceOrientationPortrait UIInterfaceOrientationPortraitUpsideDown UIInterfaceOrientationLandscapeLeft UIInterfaceOrientationLandscapeRight";
				INFOPLIST_KEY_UISupportedInterfaceOrientations_iPhone = "UIInterfaceOrientationPortrait UIInterfaceOrientationLandscapeLeft UIInterfaceOrientationLandscapeRight";
				LD_RUNPATH_SEARCH_PATHS = (
					"$(inherited)",
					"@executable_path/Frameworks",
				);
				MARKETING_VERSION = 1.0;
				PRODUCT_BUNDLE_IDENTIFIER = ahmethakan.NetflixClone;
				PRODUCT_NAME = "$(TARGET_NAME)";
				SWIFT_EMIT_LOC_STRINGS = YES;
				SWIFT_VERSION = 5.0;
				TARGETED_DEVICE_FAMILY = "1,2";
			};
			name = Release;
		};
/* End XCBuildConfiguration section */

/* Begin XCConfigurationList section */
		1C5488EC29E0B031007CF3B9 /* Build configuration list for PBXProject "NetflixClone" */ = {
			isa = XCConfigurationList;
			buildConfigurations = (
				1C54890329E0B032007CF3B9 /* Debug */,
				1C54890429E0B032007CF3B9 /* Release */,
			);
			defaultConfigurationIsVisible = 0;
			defaultConfigurationName = Release;
		};
		1C54890529E0B032007CF3B9 /* Build configuration list for PBXNativeTarget "NetflixClone" */ = {
			isa = XCConfigurationList;
			buildConfigurations = (
				1C54890629E0B032007CF3B9 /* Debug */,
				1C54890729E0B032007CF3B9 /* Release */,
			);
			defaultConfigurationIsVisible = 0;
			defaultConfigurationName = Release;
		};
/* End XCConfigurationList section */

/* Begin XCRemoteSwiftPackageReference section */
		1CC7091C29E0E24C00FCEDBD /* XCRemoteSwiftPackageReference "SDWebImage" */ = {
			isa = XCRemoteSwiftPackageReference;
			repositoryURL = "https://github.com/SDWebImage/SDWebImage.git";
			requirement = {
				branch = master;
				kind = branch;
			};
		};
/* End XCRemoteSwiftPackageReference section */

/* Begin XCSwiftPackageProductDependency section */
		1CC7091D29E0E24C00FCEDBD /* SDWebImage */ = {
			isa = XCSwiftPackageProductDependency;
			package = 1CC7091C29E0E24C00FCEDBD /* XCRemoteSwiftPackageReference "SDWebImage" */;
			productName = SDWebImage;
		};
		1CC7091F29E0E24C00FCEDBD /* SDWebImageMapKit */ = {
			isa = XCSwiftPackageProductDependency;
			package = 1CC7091C29E0E24C00FCEDBD /* XCRemoteSwiftPackageReference "SDWebImage" */;
			productName = SDWebImageMapKit;
		};
/* End XCSwiftPackageProductDependency section */

/* Begin XCVersionGroup section */
		1CBFB8AC29E23DB90003B2B2 /* NetflixCloneModel.xcdatamodeld */ = {
			isa = XCVersionGroup;
			children = (
				1CBFB8AD29E23DB90003B2B2 /* NetflixCloneModel.xcdatamodel */,
			);
			currentVersion = 1CBFB8AD29E23DB90003B2B2 /* NetflixCloneModel.xcdatamodel */;
			path = NetflixCloneModel.xcdatamodeld;
			sourceTree = "<group>";
			versionGroupType = wrapper.xcdatamodel;
		};
/* End XCVersionGroup section */
	};
	rootObject = 1C5488E929E0B031007CF3B9 /* Project object */;
}
